
Microsoft Visual Studio Solution File, Format Version 12.00
# Visual Studio Version 17
VisualStudioVersion = 17.0.31903.59
MinimumVisualStudioVersion = 10.0.40219.1
Project("{2150E333-8FDC-42A3-9474-1A3956D46DE8}") = "src", "src", "{417DF797-B9EE-44B6-BB86-D923C4C62DDE}"
EndProject
Project("{FAE04EC0-301F-11D3-BF4B-00C04F79EFBC}") = "Sim.Viewer.Core", "src\Sim.Viewer.Core\Sim.Viewer.Core.csproj", "{133FC915-44B4-4AC2-A3CD-472D9121F815}"
EndProject
Project("{FAE04EC0-301F-11D3-BF4B-00C04F79EFBC}") = "Sim.Viewer.Raylib", "src\Sim.Viewer.Raylib\Sim.Viewer.Raylib.csproj", "{287E19F2-B60C-4B0A-B963-4575EA08C704}"
EndProject
Project("{FAE04EC0-301F-11D3-BF4B-00C04F79EFBC}") = "Sim.Viewer", "src\Sim.Viewer\Sim.Viewer.csproj", "{95F3BFE6-76E6-4ED7-93DD-CE7E880E2B3E}"
EndProject
Project("{2150E333-8FDC-42A3-9474-1A3956D46DE8}") = "tests", "tests", "{77D42619-40C4-44F7-98B8-ADA2CC00FDCB}"
EndProject
Project("{FAE04EC0-301F-11D3-BF4B-00C04F79EFBC}") = "Sim.Viewer.Tests", "tests\Sim.Viewer.Tests\Sim.Viewer.Tests.csproj", "{BB6A66D4-70C6-4A92-9C17-F9021BBF45C1}"
EndProject
Global
	GlobalSection(SolutionConfigurationPlatforms) = preSolution
		Debug|Any CPU = Debug|Any CPU
		Release|Any CPU = Release|Any CPU
	EndGlobalSection
	GlobalSection(SolutionProperties) = preSolution
		HideSolutionNode = FALSE
	EndGlobalSection
	GlobalSection(ProjectConfigurationPlatforms) = postSolution
		{133FC915-44B4-4AC2-A3CD-472D9121F815}.Debug|Any CPU.ActiveCfg = Debug|Any CPU
		{133FC915-44B4-4AC2-A3CD-472D9121F815}.Debug|Any CPU.Build.0 = Debug|Any CPU
		{133FC915-44B4-4AC2-A3CD-472D9121F815}.Release|Any CPU.ActiveCfg = Release|Any CPU
		{133FC915-44B4-4AC2-A3CD-472D9121F815}.Release|Any CPU.Build.0 = Release|Any CPU
		{287E19F2-B60C-4B0A-B963-4575EA08C704}.Debug|Any CPU.ActiveCfg = Debug|Any CPU
		{287E19F2-B60C-4B0A-B963-4575EA08C704}.Debug|Any CPU.Build.0 = Debug|Any CPU
		{287E19F2-B60C-4B0A-B963-4575EA08C704}.Release|Any CPU.ActiveCfg = Release|Any CPU
		{287E19F2-B60C-4B0A-B963-4575EA08C704}.Release|Any CPU.Build.0 = Release|Any CPU
		{95F3BFE6-76E6-4ED7-93DD-CE7E880E2B3E}.Debug|Any CPU.ActiveCfg = Debug|Any CPU
		{95F3BFE6-76E6-4ED7-93DD-CE7E880E2B3E}.Debug|Any CPU.Build.0 = Debug|Any CPU
		{95F3BFE6-76E6-4ED7-93DD-CE7E880E2B3E}.Release|Any CPU.ActiveCfg = Release|Any CPU
		{95F3BFE6-76E6-4ED7-93DD-CE7E880E2B3E}.Release|Any CPU.Build.0 = Release|Any CPU
		{BB6A66D4-70C6-4A92-9C17-F9021BBF45C1}.Debug|Any CPU.ActiveCfg = Debug|Any CPU
		{BB6A66D4-70C6-4A92-9C17-F9021BBF45C1}.Debug|Any CPU.Build.0 = Debug|Any CPU
		{BB6A66D4-70C6-4A92-9C17-F9021BBF45C1}.Release|Any CPU.ActiveCfg = Release|Any CPU
		{BB6A66D4-70C6-4A92-9C17-F9021BBF45C1}.Release|Any CPU.Build.0 = Release|Any CPU
	EndGlobalSection
	GlobalSection(NestedProjects) = preSolution
		{133FC915-44B4-4AC2-A3CD-472D9121F815} = {417DF797-B9EE-44B6-BB86-D923C4C62DDE}
		{287E19F2-B60C-4B0A-B963-4575EA08C704} = {417DF797-B9EE-44B6-BB86-D923C4C62DDE}
		{95F3BFE6-76E6-4ED7-93DD-CE7E880E2B3E} = {417DF797-B9EE-44B6-BB86-D923C4C62DDE}
		{BB6A66D4-70C6-4A92-9C17-F9021BBF45C1} = {77D42619-40C4-44F7-98B8-ADA2CC00FDCB}
	EndGlobalSection
EndGlobal
