
Microsoft Visual Studio Solution File, Format Version 12.00
# Visual Studio Version 17
VisualStudioVersion = 17.0.31903.59
MinimumVisualStudioVersion = 10.0.40219.1
Project("{2150E333-8FDC-42A3-9474-1A3956D46DE8}") = "src", "src", "{C54E6525-5350-4984-ACCC-62801161881E}"
EndProject
Project("{FAE04EC0-301F-11D3-BF4B-00C04F79EFBC}") = "Sim.Sumo", "src\Sim.Sumo\Sim.Sumo.csproj", "{8CCE57BA-7631-4479-95B9-26C25405DDFA}"
EndProject
Project("{FAE04EC0-301F-11D3-BF4B-00C04F79EFBC}") = "Sim.DensityDiff", "src\Sim.DensityDiff\Sim.DensityDiff.csproj", "{5DAAFF27-3276-4EEC-8CAB-F6DB31E60FBB}"
EndProject
Project("{FAE04EC0-301F-11D3-BF4B-00C04F79EFBC}") = "Sim.EvacProfile", "src\Sim.EvacProfile\Sim.EvacProfile.csproj", "{5CD0E710-49D6-47DB-BA50-1697EED621C2}"
EndProject
Project("{FAE04EC0-301F-11D3-BF4B-00C04F79EFBC}") = "Sim.PedDdsLoopback", "src\Sim.PedDdsLoopback\Sim.PedDdsLoopback.csproj", "{E23B0239-464A-4253-A2CA-FFBC22E96FA9}"
EndProject
Project("{FAE04EC0-301F-11D3-BF4B-00C04F79EFBC}") = "Sim.LiveHost", "src\Sim.LiveHost\Sim.LiveHost.csproj", "{7CFC00C3-7675-42A8-882D-E9DDE93A5EEE}"
EndProject
Project("{FAE04EC0-301F-11D3-BF4B-00C04F79EFBC}") = "Sim.IgBridge", "src\Sim.IgBridge\Sim.IgBridge.csproj", "{03888341-1FA7-475A-88EE-65AE9E00941D}"
EndProject
Project("{FAE04EC0-301F-11D3-BF4B-00C04F79EFBC}") = "Sim.IgBridge.Host", "src\Sim.IgBridge.Host\Sim.IgBridge.Host.csproj", "{602D9DB0-977F-4890-B2FF-5D0DA4AD0F1D}"
EndProject
Project("{2150E333-8FDC-42A3-9474-1A3956D46DE8}") = "tests", "tests", "{99FB95F4-2877-4049-A374-7F6F518F10FE}"
EndProject
Project("{FAE04EC0-301F-11D3-BF4B-00C04F79EFBC}") = "Sim.IgBridge.Tests", "tests\Sim.IgBridge.Tests\Sim.IgBridge.Tests.csproj", "{03B167B3-DB8B-418A-8D07-6305273FE125}"
EndProject
Project("{FAE04EC0-301F-11D3-BF4B-00C04F79EFBC}") = "Sim.BenchCity", "src\Sim.BenchCity\Sim.BenchCity.csproj", "{D7341A59-64E5-4061-853F-E96DCF8DD61D}"
EndProject
Project("{FAE04EC0-301F-11D3-BF4B-00C04F79EFBC}") = "Sim.BenchCrowd", "src\Sim.BenchCrowd\Sim.BenchCrowd.csproj", "{3F0B53C5-C986-4F58-8B67-62F90EFCFBD7}"
EndProject
Project("{FAE04EC0-301F-11D3-BF4B-00C04F79EFBC}") = "Sim.BenchLiveCity", "src\Sim.BenchLiveCity\Sim.BenchLiveCity.csproj", "{3D409EC3-9303-486F-B067-09B0D91A7644}"
EndProject
Project("{FAE04EC0-301F-11D3-BF4B-00C04F79EFBC}") = "Sim.BenchPedLod", "src\Sim.BenchPedLod\Sim.BenchPedLod.csproj", "{24D71626-6535-4BFB-A9E8-7F09DF25F2BB}"
EndProject
Project("{FAE04EC0-301F-11D3-BF4B-00C04F79EFBC}") = "Sim.BenchPedNet", "src\Sim.BenchPedNet\Sim.BenchPedNet.csproj", "{DBD4BF07-A70F-4CD5-9DC1-2AE4CAFD1C4E}"
EndProject
Global
	GlobalSection(SolutionConfigurationPlatforms) = preSolution
		Debug|Any CPU = Debug|Any CPU
		Release|Any CPU = Release|Any CPU
	EndGlobalSection
	GlobalSection(SolutionProperties) = preSolution
		HideSolutionNode = FALSE
	EndGlobalSection
	GlobalSection(ProjectConfigurationPlatforms) = postSolution
		{8CCE57BA-7631-4479-95B9-26C25405DDFA}.Debug|Any CPU.ActiveCfg = Debug|Any CPU
		{8CCE57BA-7631-4479-95B9-26C25405DDFA}.Debug|Any CPU.Build.0 = Debug|Any CPU
		{8CCE57BA-7631-4479-95B9-26C25405DDFA}.Release|Any CPU.ActiveCfg = Release|Any CPU
		{8CCE57BA-7631-4479-95B9-26C25405DDFA}.Release|Any CPU.Build.0 = Release|Any CPU
		{5DAAFF27-3276-4EEC-8CAB-F6DB31E60FBB}.Debug|Any CPU.ActiveCfg = Debug|Any CPU
		{5DAAFF27-3276-4EEC-8CAB-F6DB31E60FBB}.Debug|Any CPU.Build.0 = Debug|Any CPU
		{5DAAFF27-3276-4EEC-8CAB-F6DB31E60FBB}.Release|Any CPU.ActiveCfg = Release|Any CPU
		{5DAAFF27-3276-4EEC-8CAB-F6DB31E60FBB}.Release|Any CPU.Build.0 = Release|Any CPU
		{5CD0E710-49D6-47DB-BA50-1697EED621C2}.Debug|Any CPU.ActiveCfg = Debug|Any CPU
		{5CD0E710-49D6-47DB-BA50-1697EED621C2}.Debug|Any CPU.Build.0 = Debug|Any CPU
		{5CD0E710-49D6-47DB-BA50-1697EED621C2}.Release|Any CPU.ActiveCfg = Release|Any CPU
		{5CD0E710-49D6-47DB-BA50-1697EED621C2}.Release|Any CPU.Build.0 = Release|Any CPU
		{E23B0239-464A-4253-A2CA-FFBC22E96FA9}.Debug|Any CPU.ActiveCfg = Debug|Any CPU
		{E23B0239-464A-4253-A2CA-FFBC22E96FA9}.Debug|Any CPU.Build.0 = Debug|Any CPU
		{E23B0239-464A-4253-A2CA-FFBC22E96FA9}.Release|Any CPU.ActiveCfg = Release|Any CPU
		{E23B0239-464A-4253-A2CA-FFBC22E96FA9}.Release|Any CPU.Build.0 = Release|Any CPU
		{7CFC00C3-7675-42A8-882D-E9DDE93A5EEE}.Debug|Any CPU.ActiveCfg = Debug|Any CPU
		{7CFC00C3-7675-42A8-882D-E9DDE93A5EEE}.Debug|Any CPU.Build.0 = Debug|Any CPU
		{7CFC00C3-7675-42A8-882D-E9DDE93A5EEE}.Release|Any CPU.ActiveCfg = Release|Any CPU
		{7CFC00C3-7675-42A8-882D-E9DDE93A5EEE}.Release|Any CPU.Build.0 = Release|Any CPU
		{03888341-1FA7-475A-88EE-65AE9E00941D}.Debug|Any CPU.ActiveCfg = Debug|Any CPU
		{03888341-1FA7-475A-88EE-65AE9E00941D}.Debug|Any CPU.Build.0 = Debug|Any CPU
		{03888341-1FA7-475A-88EE-65AE9E00941D}.Release|Any CPU.ActiveCfg = Release|Any CPU
		{03888341-1FA7-475A-88EE-65AE9E00941D}.Release|Any CPU.Build.0 = Release|Any CPU
		{602D9DB0-977F-4890-B2FF-5D0DA4AD0F1D}.Debug|Any CPU.ActiveCfg = Debug|Any CPU
		{602D9DB0-977F-4890-B2FF-5D0DA4AD0F1D}.Debug|Any CPU.Build.0 = Debug|Any CPU
		{602D9DB0-977F-4890-B2FF-5D0DA4AD0F1D}.Release|Any CPU.ActiveCfg = Release|Any CPU
		{602D9DB0-977F-4890-B2FF-5D0DA4AD0F1D}.Release|Any CPU.Build.0 = Release|Any CPU
		{03B167B3-DB8B-418A-8D07-6305273FE125}.Debug|Any CPU.ActiveCfg = Debug|Any CPU
		{03B167B3-DB8B-418A-8D07-6305273FE125}.Debug|Any CPU.Build.0 = Debug|Any CPU
		{03B167B3-DB8B-418A-8D07-6305273FE125}.Release|Any CPU.ActiveCfg = Release|Any CPU
		{03B167B3-DB8B-418A-8D07-6305273FE125}.Release|Any CPU.Build.0 = Release|Any CPU
		{D7341A59-64E5-4061-853F-E96DCF8DD61D}.Debug|Any CPU.ActiveCfg = Debug|Any CPU
		{D7341A59-64E5-4061-853F-E96DCF8DD61D}.Debug|Any CPU.Build.0 = Debug|Any CPU
		{D7341A59-64E5-4061-853F-E96DCF8DD61D}.Release|Any CPU.ActiveCfg = Release|Any CPU
		{D7341A59-64E5-4061-853F-E96DCF8DD61D}.Release|Any CPU.Build.0 = Release|Any CPU
		{3F0B53C5-C986-4F58-8B67-62F90EFCFBD7}.Debug|Any CPU.ActiveCfg = Debug|Any CPU
		{3F0B53C5-C986-4F58-8B67-62F90EFCFBD7}.Debug|Any CPU.Build.0 = Debug|Any CPU
		{3F0B53C5-C986-4F58-8B67-62F90EFCFBD7}.Release|Any CPU.ActiveCfg = Release|Any CPU
		{3F0B53C5-C986-4F58-8B67-62F90EFCFBD7}.Release|Any CPU.Build.0 = Release|Any CPU
		{3D409EC3-9303-486F-B067-09B0D91A7644}.Debug|Any CPU.ActiveCfg = Debug|Any CPU
		{3D409EC3-9303-486F-B067-09B0D91A7644}.Debug|Any CPU.Build.0 = Debug|Any CPU
		{3D409EC3-9303-486F-B067-09B0D91A7644}.Release|Any CPU.ActiveCfg = Release|Any CPU
		{3D409EC3-9303-486F-B067-09B0D91A7644}.Release|Any CPU.Build.0 = Release|Any CPU
		{24D71626-6535-4BFB-A9E8-7F09DF25F2BB}.Debug|Any CPU.ActiveCfg = Debug|Any CPU
		{24D71626-6535-4BFB-A9E8-7F09DF25F2BB}.Debug|Any CPU.Build.0 = Debug|Any CPU
		{24D71626-6535-4BFB-A9E8-7F09DF25F2BB}.Release|Any CPU.ActiveCfg = Release|Any CPU
		{24D71626-6535-4BFB-A9E8-7F09DF25F2BB}.Release|Any CPU.Build.0 = Release|Any CPU
		{DBD4BF07-A70F-4CD5-9DC1-2AE4CAFD1C4E}.Debug|Any CPU.ActiveCfg = Debug|Any CPU
		{DBD4BF07-A70F-4CD5-9DC1-2AE4CAFD1C4E}.Debug|Any CPU.Build.0 = Debug|Any CPU
		{DBD4BF07-A70F-4CD5-9DC1-2AE4CAFD1C4E}.Release|Any CPU.ActiveCfg = Release|Any CPU
		{DBD4BF07-A70F-4CD5-9DC1-2AE4CAFD1C4E}.Release|Any CPU.Build.0 = Release|Any CPU
	EndGlobalSection
	GlobalSection(NestedProjects) = preSolution
		{8CCE57BA-7631-4479-95B9-26C25405DDFA} = {C54E6525-5350-4984-ACCC-62801161881E}
		{5DAAFF27-3276-4EEC-8CAB-F6DB31E60FBB} = {C54E6525-5350-4984-ACCC-62801161881E}
		{5CD0E710-49D6-47DB-BA50-1697EED621C2} = {C54E6525-5350-4984-ACCC-62801161881E}
		{E23B0239-464A-4253-A2CA-FFBC22E96FA9} = {C54E6525-5350-4984-ACCC-62801161881E}
		{7CFC00C3-7675-42A8-882D-E9DDE93A5EEE} = {C54E6525-5350-4984-ACCC-62801161881E}
		{03888341-1FA7-475A-88EE-65AE9E00941D} = {C54E6525-5350-4984-ACCC-62801161881E}
		{602D9DB0-977F-4890-B2FF-5D0DA4AD0F1D} = {C54E6525-5350-4984-ACCC-62801161881E}
		{03B167B3-DB8B-418A-8D07-6305273FE125} = {99FB95F4-2877-4049-A374-7F6F518F10FE}
		{D7341A59-64E5-4061-853F-E96DCF8DD61D} = {C54E6525-5350-4984-ACCC-62801161881E}
		{3F0B53C5-C986-4F58-8B67-62F90EFCFBD7} = {C54E6525-5350-4984-ACCC-62801161881E}
		{3D409EC3-9303-486F-B067-09B0D91A7644} = {C54E6525-5350-4984-ACCC-62801161881E}
		{24D71626-6535-4BFB-A9E8-7F09DF25F2BB} = {C54E6525-5350-4984-ACCC-62801161881E}
		{DBD4BF07-A70F-4CD5-9DC1-2AE4CAFD1C4E} = {C54E6525-5350-4984-ACCC-62801161881E}
	EndGlobalSection
EndGlobal
