
Microsoft Visual Studio Solution File, Format Version 12.00
# Visual Studio Version 17
VisualStudioVersion = 17.0.31903.59
MinimumVisualStudioVersion = 10.0.40219.1
Project("{2150E333-8FDC-42A3-9474-1A3956D46DE8}") = "src", "src", "{3B9977CC-CE1C-4E4C-B8E8-FE1550F6F2D4}"
EndProject
Project("{FAE04EC0-301F-11D3-BF4B-00C04F79EFBC}") = "Sim.Viz", "src\Sim.Viz\Sim.Viz.csproj", "{48708F36-65C5-4668-ABEF-47FFA7743617}"
EndProject
Project("{FAE04EC0-301F-11D3-BF4B-00C04F79EFBC}") = "Sim.Run", "src\Sim.Run\Sim.Run.csproj", "{FA40D3CA-1D07-4B71-A4FF-5689FB540834}"
EndProject
Project("{FAE04EC0-301F-11D3-BF4B-00C04F79EFBC}") = "Sim.ExtDemo", "src\Sim.ExtDemo\Sim.ExtDemo.csproj", "{06EDDDC5-C994-4AB2-A690-FF65FB23869A}"
EndProject
Global
	GlobalSection(SolutionConfigurationPlatforms) = preSolution
		Debug|Any CPU = Debug|Any CPU
		Release|Any CPU = Release|Any CPU
	EndGlobalSection
	GlobalSection(SolutionProperties) = preSolution
		HideSolutionNode = FALSE
	EndGlobalSection
	GlobalSection(ProjectConfigurationPlatforms) = postSolution
		{48708F36-65C5-4668-ABEF-47FFA7743617}.Debug|Any CPU.ActiveCfg = Debug|Any CPU
		{48708F36-65C5-4668-ABEF-47FFA7743617}.Debug|Any CPU.Build.0 = Debug|Any CPU
		{48708F36-65C5-4668-ABEF-47FFA7743617}.Release|Any CPU.ActiveCfg = Release|Any CPU
		{48708F36-65C5-4668-ABEF-47FFA7743617}.Release|Any CPU.Build.0 = Release|Any CPU
		{FA40D3CA-1D07-4B71-A4FF-5689FB540834}.Debug|Any CPU.ActiveCfg = Debug|Any CPU
		{FA40D3CA-1D07-4B71-A4FF-5689FB540834}.Debug|Any CPU.Build.0 = Debug|Any CPU
		{FA40D3CA-1D07-4B71-A4FF-5689FB540834}.Release|Any CPU.ActiveCfg = Release|Any CPU
		{FA40D3CA-1D07-4B71-A4FF-5689FB540834}.Release|Any CPU.Build.0 = Release|Any CPU
		{06EDDDC5-C994-4AB2-A690-FF65FB23869A}.Debug|Any CPU.ActiveCfg = Debug|Any CPU
		{06EDDDC5-C994-4AB2-A690-FF65FB23869A}.Debug|Any CPU.Build.0 = Debug|Any CPU
		{06EDDDC5-C994-4AB2-A690-FF65FB23869A}.Release|Any CPU.ActiveCfg = Release|Any CPU
		{06EDDDC5-C994-4AB2-A690-FF65FB23869A}.Release|Any CPU.Build.0 = Release|Any CPU
	EndGlobalSection
	GlobalSection(NestedProjects) = preSolution
		{48708F36-65C5-4668-ABEF-47FFA7743617} = {3B9977CC-CE1C-4E4C-B8E8-FE1550F6F2D4}
		{FA40D3CA-1D07-4B71-A4FF-5689FB540834} = {3B9977CC-CE1C-4E4C-B8E8-FE1550F6F2D4}
		{06EDDDC5-C994-4AB2-A690-FF65FB23869A} = {3B9977CC-CE1C-4E4C-B8E8-FE1550F6F2D4}
	EndGlobalSection
EndGlobal
