
Microsoft Visual Studio Solution File, Format Version 12.00
# Visual Studio Version 17
VisualStudioVersion = 17.0.31903.59
MinimumVisualStudioVersion = 10.0.40219.1
Project("{FAE04EC0-301F-11D3-BF4B-00C04F79EFBC}") = "Sim.Viz", "..\src\Sim.Viz\Sim.Viz.csproj", "{1A2DCF59-5CA3-4812-9FD0-F72DFE105A46}"
EndProject
Project("{FAE04EC0-301F-11D3-BF4B-00C04F79EFBC}") = "Sim.Run", "..\src\Sim.Run\Sim.Run.csproj", "{76BA2D7E-8BA2-4DAD-8672-B442DF6989A9}"
EndProject
Project("{FAE04EC0-301F-11D3-BF4B-00C04F79EFBC}") = "Sim.ExtDemo", "..\src\Sim.ExtDemo\Sim.ExtDemo.csproj", "{5F16293A-267D-4E30-9513-10E81EFB975A}"
EndProject
Global
	GlobalSection(SolutionConfigurationPlatforms) = preSolution
		Debug|Any CPU = Debug|Any CPU
		Release|Any CPU = Release|Any CPU
	EndGlobalSection
	GlobalSection(SolutionProperties) = preSolution
		HideSolutionNode = FALSE
	EndGlobalSection
	GlobalSection(ProjectConfigurationPlatforms) = postSolution
		{1A2DCF59-5CA3-4812-9FD0-F72DFE105A46}.Debug|Any CPU.ActiveCfg = Debug|Any CPU
		{1A2DCF59-5CA3-4812-9FD0-F72DFE105A46}.Debug|Any CPU.Build.0 = Debug|Any CPU
		{1A2DCF59-5CA3-4812-9FD0-F72DFE105A46}.Release|Any CPU.ActiveCfg = Release|Any CPU
		{1A2DCF59-5CA3-4812-9FD0-F72DFE105A46}.Release|Any CPU.Build.0 = Release|Any CPU
		{76BA2D7E-8BA2-4DAD-8672-B442DF6989A9}.Debug|Any CPU.ActiveCfg = Debug|Any CPU
		{76BA2D7E-8BA2-4DAD-8672-B442DF6989A9}.Debug|Any CPU.Build.0 = Debug|Any CPU
		{76BA2D7E-8BA2-4DAD-8672-B442DF6989A9}.Release|Any CPU.ActiveCfg = Release|Any CPU
		{76BA2D7E-8BA2-4DAD-8672-B442DF6989A9}.Release|Any CPU.Build.0 = Release|Any CPU
		{5F16293A-267D-4E30-9513-10E81EFB975A}.Debug|Any CPU.ActiveCfg = Debug|Any CPU
		{5F16293A-267D-4E30-9513-10E81EFB975A}.Debug|Any CPU.Build.0 = Debug|Any CPU
		{5F16293A-267D-4E30-9513-10E81EFB975A}.Release|Any CPU.ActiveCfg = Release|Any CPU
		{5F16293A-267D-4E30-9513-10E81EFB975A}.Release|Any CPU.Build.0 = Release|Any CPU
	EndGlobalSection
EndGlobal
